
Microsoft Visual Studio Solution File, Format Version 12.00
# Visual Studio 15
VisualStudioVersion = 15.0.28307.1145
MinimumVisualStudioVersion = 10.0.40219.1
Project("{FAE04EC0-301F-11D3-BF4B-00C04F79EFBC}") = "HashCode", "HashCode\HashCode.csproj", "{0D4B473E-E6B9-4955-817C-B7A3E0E7C24C}"
EndProject
Global
	GlobalSection(SolutionConfigurationPlatforms) = preSolution
		Debug|Any CPU = Debug|Any CPU
		Release|Any CPU = Release|Any CPU
	EndGlobalSection
	GlobalSection(ProjectConfigurationPlatforms) = postSolution
		{0D4B473E-E6B9-4955-817C-B7A3E0E7C24C}.Debug|Any CPU.ActiveCfg = Debug|Any CPU
		{0D4B473E-E6B9-4955-817C-B7A3E0E7C24C}.Debug|Any CPU.Build.0 = Debug|Any CPU
		{0D4B473E-E6B9-4955-817C-B7A3E0E7C24C}.Release|Any CPU.ActiveCfg = Release|Any CPU
		{0D4B473E-E6B9-4955-817C-B7A3E0E7C24C}.Release|Any CPU.Build.0 = Release|Any CPU
	EndGlobalSection
	GlobalSection(SolutionProperties) = preSolution
		HideSolutionNode = FALSE
	EndGlobalSection
	GlobalSection(ExtensibilityGlobals) = postSolution
		SolutionGuid = {A28B6798-D3A6-4039-B8FC-F33E4387C529}
	EndGlobalSection
EndGlobal
